# This file is generated by running "yarn install" inside your project.
# Manual changes might be lost - proceed with caution!

__metadata:
  version: 5
  cacheKey: 8

"@babel/code-frame@npm:^7.0.0":
  version: 7.16.0
  resolution: "@babel/code-frame@npm:7.16.0"
  dependencies:
    "@babel/highlight": ^7.16.0
  checksum: 8961d0302ec6b8c2e9751a11e06a17617425359fd1645e4dae56a90a03464c68a0916115100fbcd030961870313f21865d0b85858360a2c68aabdda744393607
  languageName: node
  linkType: hard

"@babel/helper-validator-identifier@npm:^7.15.7":
  version: 7.15.7
  resolution: "@babel/helper-validator-identifier@npm:7.15.7"
  checksum: f041c28c531d1add5cc345b25d5df3c29c62bce3205b4d4a93dcd164ccf630350acba252d374fad8f5d8ea526995a215829f27183ba7ce7ce141843bf23068a6
  languageName: node
  linkType: hard

"@babel/highlight@npm:^7.16.0":
  version: 7.16.0
  resolution: "@babel/highlight@npm:7.16.0"
  dependencies:
    "@babel/helper-validator-identifier": ^7.15.7
    chalk: ^2.0.0
    js-tokens: ^4.0.0
  checksum: abf244c48fcff20ec87830e8b99c776f4dcdd9138e63decc195719a94148da35339639e0d8045eb9d1f3e67a39ab90a9c3f5ce2d579fb1a0368d911ddf29b4e5
  languageName: node
  linkType: hard

"@octokit/auth-token@npm:^2.4.4":
  version: 2.5.0
  resolution: "@octokit/auth-token@npm:2.5.0"
  dependencies:
    "@octokit/types": ^6.0.3
  checksum: 45949296c09abcd6beb4c3f69d45b0c1f265f9581d2a9683cf4d1800c4cf8259c2f58d58e44c16c20bffb85a0282a176c0d51f4af300e428b863f27b910e6297
  languageName: node
  linkType: hard

"@octokit/core@npm:^3.5.1":
  version: 3.5.1
  resolution: "@octokit/core@npm:3.5.1"
  dependencies:
    "@octokit/auth-token": ^2.4.4
    "@octokit/graphql": ^4.5.8
    "@octokit/request": ^5.6.0
    "@octokit/request-error": ^2.0.5
    "@octokit/types": ^6.0.3
    before-after-hook: ^2.2.0
    universal-user-agent: ^6.0.0
  checksum: 67179739fc9712b201f2400f132287a2c56a18506e00900bc9d2a3f742b74f1ba69ad998e42f28f3964c0bd1d5478232c1ec7b485c97702b821fbe22b76afa90
  languageName: node
  linkType: hard

"@octokit/endpoint@npm:^6.0.1":
  version: 6.0.12
  resolution: "@octokit/endpoint@npm:6.0.12"
  dependencies:
    "@octokit/types": ^6.0.3
    is-plain-object: ^5.0.0
    universal-user-agent: ^6.0.0
  checksum: b48b29940af11c4b9bca41cf56809754bb8385d4e3a6122671799d27f0238ba575b3fde86d2d30a84f4dbbc14430940de821e56ecc6a9a92d47fc2b29a31479d
  languageName: node
  linkType: hard

"@octokit/graphql@npm:^4.5.8":
  version: 4.8.0
  resolution: "@octokit/graphql@npm:4.8.0"
  dependencies:
    "@octokit/request": ^5.6.0
    "@octokit/types": ^6.0.3
    universal-user-agent: ^6.0.0
  checksum: f68afe53f63900d4a16a0a733f2f500df2695b731f8ed32edb728d50edead7f5011437f71d069c2d2f6d656227703d0c832a3c8af58ecf82bd5dcc051f2d2d74
  languageName: node
  linkType: hard

"@octokit/openapi-types@npm:^11.2.0":
  version: 11.2.0
  resolution: "@octokit/openapi-types@npm:11.2.0"
  checksum: eb373ea496bc96bf0233505a0916eb38cb193d1829cab935e1cf1fd21839c402a1d835d3c0326290c756c0ed980a64d0ae73ad3c5d5decde9000f0828aa7ff52
  languageName: node
  linkType: hard

"@octokit/plugin-paginate-rest@npm:^2.16.8":
  version: 2.17.0
  resolution: "@octokit/plugin-paginate-rest@npm:2.17.0"
  dependencies:
    "@octokit/types": ^6.34.0
  peerDependencies:
    "@octokit/core": ">=2"
  checksum: c8753cda6f7ede79d0e9df43a54e56020aa1c9c6887684e0e0d45cb6ee0dcabf460c3e4b8a18edabef711bb269fd826616e99e78dc29fb30d47c210c562603a0
  languageName: node
  linkType: hard

"@octokit/plugin-request-log@npm:^1.0.4":
  version: 1.0.4
  resolution: "@octokit/plugin-request-log@npm:1.0.4"
  peerDependencies:
    "@octokit/core": ">=3"
  checksum: 2086db00056aee0f8ebd79797b5b57149ae1014e757ea08985b71eec8c3d85dbb54533f4fd34b6b9ecaa760904ae6a7536be27d71e50a3782ab47809094bfc0c
  languageName: node
  linkType: hard

"@octokit/plugin-rest-endpoint-methods@npm:^5.12.0":
  version: 5.13.0
  resolution: "@octokit/plugin-rest-endpoint-methods@npm:5.13.0"
  dependencies:
    "@octokit/types": ^6.34.0
    deprecation: ^2.3.1
  peerDependencies:
    "@octokit/core": ">=3"
  checksum: f331457e4317130adb456b27df2a99609fb54a4dc2da6f87009e567c7325680c901abf18ad08483535bab4ec1c892e4236f4135a2804603aebb12c0698c678c8
  languageName: node
  linkType: hard

"@octokit/request-error@npm:^2.0.5, @octokit/request-error@npm:^2.1.0":
  version: 2.1.0
  resolution: "@octokit/request-error@npm:2.1.0"
  dependencies:
    "@octokit/types": ^6.0.3
    deprecation: ^2.0.0
    once: ^1.4.0
  checksum: baec2b5700498be01b4d958f9472cb776b3f3b0ea52924323a07e7a88572e24cac2cdf7eb04a0614031ba346043558b47bea2d346e98f0e8385b4261f138ef18
  languageName: node
  linkType: hard

"@octokit/request@npm:^5.6.0":
  version: 5.6.2
  resolution: "@octokit/request@npm:5.6.2"
  dependencies:
    "@octokit/endpoint": ^6.0.1
    "@octokit/request-error": ^2.1.0
    "@octokit/types": ^6.16.1
    is-plain-object: ^5.0.0
    node-fetch: ^2.6.1
    universal-user-agent: ^6.0.0
  checksum: 51ef3ad244b3d89ffd6d997fa0ed3e13a7a93b4c868ce5c53b0fcc93a654965135528e62d0720ebfeb7dfd586448a4a45d08fd75ba2e170cfa19d37834e49f1f
  languageName: node
  linkType: hard

"@octokit/rest@npm:^18.12.0":
  version: 18.12.0
  resolution: "@octokit/rest@npm:18.12.0"
  dependencies:
    "@octokit/core": ^3.5.1
    "@octokit/plugin-paginate-rest": ^2.16.8
    "@octokit/plugin-request-log": ^1.0.4
    "@octokit/plugin-rest-endpoint-methods": ^5.12.0
  checksum: c18bd6676a60b66819b016b0f969fcd04d8dfa04d01b7af9af9a7410ff028c621c995185e29454c23c47906da506c1e01620711259989a964ebbfd9106f5b715
  languageName: node
  linkType: hard

"@octokit/types@npm:^6.0.3, @octokit/types@npm:^6.16.1, @octokit/types@npm:^6.34.0":
  version: 6.34.0
  resolution: "@octokit/types@npm:6.34.0"
  dependencies:
    "@octokit/openapi-types": ^11.2.0
  checksum: f122b9aee8f6baddd515e34a0913e73b21d4bc82d6ee59d77a8aaf01b4a02c10867dd013003d087a83dc96db23511893669015af6d30c27cece185e21cf1df89
  languageName: node
  linkType: hard

"@types/normalize-package-data@npm:^2.4.1":
  version: 2.4.1
  resolution: "@types/normalize-package-data@npm:2.4.1"
  checksum: e87bccbf11f95035c89a132b52b79ce69a1e3652fe55962363063c9c0dae0fe2477ebc585e03a9652adc6f381d24ba5589cc5e51849df4ced3d3e004a7d40ed5
  languageName: node
  linkType: hard

"@worldql/deployment@workspace:.":
  version: 0.0.0-use.local
  resolution: "@worldql/deployment@workspace:."
  dependencies:
    "@octokit/rest": ^18.12.0
    dotenv: ^10.0.0
    execa: ^6.0.0
    jszip: ^3.7.1
    make-executable: ^1.0.1
    mkdirp: ^1.0.4
    read-pkg-up: ^9.0.0
    rimraf: ^3.0.2
  languageName: unknown
  linkType: soft

"ansi-styles@npm:^3.2.1":
  version: 3.2.1
  resolution: "ansi-styles@npm:3.2.1"
  dependencies:
    color-convert: ^1.9.0
  checksum: d85ade01c10e5dd77b6c89f34ed7531da5830d2cb5882c645f330079975b716438cd7ebb81d0d6e6b4f9c577f19ae41ab55f07f19786b02f9dfd9e0377395665
  languageName: node
  linkType: hard

"balanced-match@npm:^1.0.0":
  version: 1.0.2
  resolution: "balanced-match@npm:1.0.2"
  checksum: 9706c088a283058a8a99e0bf91b0a2f75497f185980d9ffa8b304de1d9e58ebda7c72c07ebf01dadedaac5b2907b2c6f566f660d62bd336c3468e960403b9d65
  languageName: node
  linkType: hard

"before-after-hook@npm:^2.2.0":
  version: 2.2.2
  resolution: "before-after-hook@npm:2.2.2"
  checksum: dc2e1ffe389e5afbef2a46790b1b5a50247ed57aba67649cfa9ec2552d248cc9278f222e72fb5a8ff59bbb39d78fbaa97e7234ead0c6b5e8418b67a8644ce207
  languageName: node
  linkType: hard

"brace-expansion@npm:^1.1.7":
  version: 1.1.11
  resolution: "brace-expansion@npm:1.1.11"
  dependencies:
    balanced-match: ^1.0.0
    concat-map: 0.0.1
  checksum: faf34a7bb0c3fcf4b59c7808bc5d2a96a40988addf2e7e09dfbb67a2251800e0d14cd2bfc1aa79174f2f5095c54ff27f46fb1289fe2d77dac755b5eb3434cc07
  languageName: node
  linkType: hard

"chalk@npm:^2.0.0":
  version: 2.4.2
  resolution: "chalk@npm:2.4.2"
  dependencies:
    ansi-styles: ^3.2.1
    escape-string-regexp: ^1.0.5
    supports-color: ^5.3.0
  checksum: ec3661d38fe77f681200f878edbd9448821924e0f93a9cefc0e26a33b145f1027a2084bf19967160d11e1f03bfe4eaffcabf5493b89098b2782c3fe0b03d80c2
  languageName: node
  linkType: hard

"color-convert@npm:^1.9.0":
  version: 1.9.3
  resolution: "color-convert@npm:1.9.3"
  dependencies:
    color-name: 1.1.3
  checksum: fd7a64a17cde98fb923b1dd05c5f2e6f7aefda1b60d67e8d449f9328b4e53b228a428fd38bfeaeb2db2ff6b6503a776a996150b80cdf224062af08a5c8a3a203
  languageName: node
  linkType: hard

"color-name@npm:1.1.3":
  version: 1.1.3
  resolution: "color-name@npm:1.1.3"
  checksum: 09c5d3e33d2105850153b14466501f2bfb30324a2f76568a408763a3b7433b0e50e5b4ab1947868e65cb101bb7cb75029553f2c333b6d4b8138a73fcc133d69d
  languageName: node
  linkType: hard

"concat-map@npm:0.0.1":
  version: 0.0.1
  resolution: "concat-map@npm:0.0.1"
  checksum: 902a9f5d8967a3e2faf138d5cb784b9979bad2e6db5357c5b21c568df4ebe62bcb15108af1b2253744844eb964fc023fbd9afbbbb6ddd0bcc204c6fb5b7bf3af
  languageName: node
  linkType: hard

"core-util-is@npm:~1.0.0":
  version: 1.0.3
  resolution: "core-util-is@npm:1.0.3"
  checksum: 9de8597363a8e9b9952491ebe18167e3b36e7707569eed0ebf14f8bba773611376466ae34575bca8cfe3c767890c859c74056084738f09d4e4a6f902b2ad7d99
  languageName: node
  linkType: hard

"cross-spawn@npm:^7.0.3":
  version: 7.0.3
  resolution: "cross-spawn@npm:7.0.3"
  dependencies:
    path-key: ^3.1.0
    shebang-command: ^2.0.0
    which: ^2.0.1
  checksum: 671cc7c7288c3a8406f3c69a3ae2fc85555c04169e9d611def9a675635472614f1c0ed0ef80955d5b6d4e724f6ced67f0ad1bb006c2ea643488fcfef994d7f52
  languageName: node
  linkType: hard

"deprecation@npm:^2.0.0, deprecation@npm:^2.3.1":
  version: 2.3.1
  resolution: "deprecation@npm:2.3.1"
  checksum: f56a05e182c2c195071385455956b0c4106fe14e36245b00c689ceef8e8ab639235176a96977ba7c74afb173317fac2e0ec6ec7a1c6d1e6eaa401c586c714132
  languageName: node
  linkType: hard

"dotenv@npm:^10.0.0":
  version: 10.0.0
  resolution: "dotenv@npm:10.0.0"
  checksum: f412c5fe8c24fbe313d302d2500e247ba8a1946492db405a4de4d30dd0eb186a88a43f13c958c5a7de303938949c4231c56994f97d05c4bc1f22478d631b4005
  languageName: node
  linkType: hard

"error-ex@npm:^1.3.1":
  version: 1.3.2
  resolution: "error-ex@npm:1.3.2"
  dependencies:
    is-arrayish: ^0.2.1
  checksum: c1c2b8b65f9c91b0f9d75f0debaa7ec5b35c266c2cac5de412c1a6de86d4cbae04ae44e510378cb14d032d0645a36925d0186f8bb7367bcc629db256b743a001
  languageName: node
  linkType: hard

"escape-string-regexp@npm:^1.0.5":
  version: 1.0.5
  resolution: "escape-string-regexp@npm:1.0.5"
  checksum: 6092fda75c63b110c706b6a9bfde8a612ad595b628f0bd2147eea1d3406723020810e591effc7db1da91d80a71a737a313567c5abb3813e8d9c71f4aa595b410
  languageName: node
  linkType: hard

"execa@npm:^6.0.0":
  version: 6.0.0
  resolution: "execa@npm:6.0.0"
  dependencies:
    cross-spawn: ^7.0.3
    get-stream: ^6.0.1
    human-signals: ^3.0.1
    is-stream: ^3.0.0
    merge-stream: ^2.0.0
    npm-run-path: ^5.0.1
    onetime: ^6.0.0
    signal-exit: ^3.0.5
    strip-final-newline: ^3.0.0
  checksum: c44249edd4d112266ecd95df9eff5657e07a24aa41f6fb34d9b8185db1255231b482b469e2b8837a73cc898a51ef38ca2bab15d78d80c46917adade3e688da7f
  languageName: node
  linkType: hard

"find-up@npm:^6.2.0":
  version: 6.2.0
  resolution: "find-up@npm:6.2.0"
  dependencies:
    locate-path: ^7.0.0
    path-exists: ^5.0.0
  checksum: 149085af5cec2af6fa0bd94db81785eb60464985b2428b4d34934a04d1809b1c27831a72b667ac25a8ee19bb6c36cf6fbae5776b115d45abbea1112f460f47c5
  languageName: node
  linkType: hard

"fs.realpath@npm:^1.0.0":
  version: 1.0.0
  resolution: "fs.realpath@npm:1.0.0"
  checksum: 99ddea01a7e75aa276c250a04eedeffe5662bce66c65c07164ad6264f9de18fb21be9433ead460e54cff20e31721c811f4fb5d70591799df5f85dce6d6746fd0
  languageName: node
  linkType: hard

"function-bind@npm:^1.1.1":
  version: 1.1.1
  resolution: "function-bind@npm:1.1.1"
  checksum: b32fbaebb3f8ec4969f033073b43f5c8befbb58f1a79e12f1d7490358150359ebd92f49e72ff0144f65f2c48ea2a605bff2d07965f548f6474fd8efd95bf361a
  languageName: node
  linkType: hard

"get-stream@npm:^6.0.1":
  version: 6.0.1
  resolution: "get-stream@npm:6.0.1"
  checksum: e04ecece32c92eebf5b8c940f51468cd53554dcbb0ea725b2748be583c9523d00128137966afce410b9b051eb2ef16d657cd2b120ca8edafcf5a65e81af63cad
  languageName: node
  linkType: hard

"glob@npm:^7.1.3":
  version: 7.2.0
  resolution: "glob@npm:7.2.0"
  dependencies:
    fs.realpath: ^1.0.0
    inflight: ^1.0.4
    inherits: 2
    minimatch: ^3.0.4
    once: ^1.3.0
    path-is-absolute: ^1.0.0
  checksum: 78a8ea942331f08ed2e055cb5b9e40fe6f46f579d7fd3d694f3412fe5db23223d29b7fee1575440202e9a7ff9a72ab106a39fee39934c7bedafe5e5f8ae20134
  languageName: node
  linkType: hard

"has-flag@npm:^3.0.0":
  version: 3.0.0
  resolution: "has-flag@npm:3.0.0"
  checksum: 4a15638b454bf086c8148979aae044dd6e39d63904cd452d970374fa6a87623423da485dfb814e7be882e05c096a7ccf1ebd48e7e7501d0208d8384ff4dea73b
  languageName: node
  linkType: hard

"has@npm:^1.0.3":
  version: 1.0.3
  resolution: "has@npm:1.0.3"
  dependencies:
    function-bind: ^1.1.1
  checksum: b9ad53d53be4af90ce5d1c38331e712522417d017d5ef1ebd0507e07c2fbad8686fffb8e12ddecd4c39ca9b9b47431afbb975b8abf7f3c3b82c98e9aad052792
  languageName: node
  linkType: hard

"hosted-git-info@npm:^4.0.1":
  version: 4.0.2
  resolution: "hosted-git-info@npm:4.0.2"
  dependencies:
    lru-cache: ^6.0.0
  checksum: d1b2d7720398ce96a788bd38d198fbddce089a2381f63cfb01743e6c7e5aed656e5547fe74090fb9fe53b2cb785b0e8c9ebdddadff48ed26bb471dd23cd25458
  languageName: node
  linkType: hard

"human-signals@npm:^3.0.1":
  version: 3.0.1
  resolution: "human-signals@npm:3.0.1"
  checksum: f252a7769c8094a5c9dc6772816bdb417b188820b04c8b42d0fc468e03a0ba905b1dd07afabe9385cc83504af1ccc2b985cd1e4aeeeb8e0029896c5af2e6f354
  languageName: node
  linkType: hard

"immediate@npm:~3.0.5":
  version: 3.0.6
  resolution: "immediate@npm:3.0.6"
  checksum: f9b3486477555997657f70318cc8d3416159f208bec4cca3ff3442fd266bc23f50f0c9bd8547e1371a6b5e82b821ec9a7044a4f7b944798b25aa3cc6d5e63e62
  languageName: node
  linkType: hard

"inflight@npm:^1.0.4":
  version: 1.0.6
  resolution: "inflight@npm:1.0.6"
  dependencies:
    once: ^1.3.0
    wrappy: 1
  checksum: f4f76aa072ce19fae87ce1ef7d221e709afb59d445e05d47fba710e85470923a75de35bfae47da6de1b18afc3ce83d70facf44cfb0aff89f0a3f45c0a0244dfd
  languageName: node
  linkType: hard

"inherits@npm:2, inherits@npm:~2.0.3":
  version: 2.0.4
  resolution: "inherits@npm:2.0.4"
  checksum: 4a48a733847879d6cf6691860a6b1e3f0f4754176e4d71494c41f3475553768b10f84b5ce1d40fbd0e34e6bfbb864ee35858ad4dd2cf31e02fc4a154b724d7f1
  languageName: node
  linkType: hard

"is-arrayish@npm:^0.2.1":
  version: 0.2.1
  resolution: "is-arrayish@npm:0.2.1"
  checksum: eef4417e3c10e60e2c810b6084942b3ead455af16c4509959a27e490e7aee87cfb3f38e01bbde92220b528a0ee1a18d52b787e1458ee86174d8c7f0e58cd488f
  languageName: node
  linkType: hard

"is-core-module@npm:^2.5.0":
  version: 2.8.0
  resolution: "is-core-module@npm:2.8.0"
  dependencies:
    has: ^1.0.3
  checksum: f8b52714891e1a6c6577fcb8d5e057bab064a7a30954aab6beb5092e311473eb8da57afd334de4981dc32409ffca998412efc3a2edceb9e397cef6098d21dd91
  languageName: node
  linkType: hard

"is-plain-object@npm:^5.0.0":
  version: 5.0.0
  resolution: "is-plain-object@npm:5.0.0"
  checksum: e32d27061eef62c0847d303125440a38660517e586f2f3db7c9d179ae5b6674ab0f469d519b2e25c147a1a3bc87156d0d5f4d8821e0ce4a9ee7fe1fcf11ce45c
  languageName: node
  linkType: hard

"is-stream@npm:^3.0.0":
  version: 3.0.0
  resolution: "is-stream@npm:3.0.0"
  checksum: 172093fe99119ffd07611ab6d1bcccfe8bc4aa80d864b15f43e63e54b7abc71e779acd69afdb854c4e2a67fdc16ae710e370eda40088d1cfc956a50ed82d8f16
  languageName: node
  linkType: hard

"isarray@npm:~1.0.0":
  version: 1.0.0
  resolution: "isarray@npm:1.0.0"
  checksum: f032df8e02dce8ec565cf2eb605ea939bdccea528dbcf565cdf92bfa2da9110461159d86a537388ef1acef8815a330642d7885b29010e8f7eac967c9993b65ab
  languageName: node
  linkType: hard

"isexe@npm:^2.0.0":
  version: 2.0.0
  resolution: "isexe@npm:2.0.0"
  checksum: 26bf6c5480dda5161c820c5b5c751ae1e766c587b1f951ea3fcfc973bafb7831ae5b54a31a69bd670220e42e99ec154475025a468eae58ea262f813fdc8d1c62
  languageName: node
  linkType: hard

"js-tokens@npm:^4.0.0":
  version: 4.0.0
  resolution: "js-tokens@npm:4.0.0"
  checksum: 8a95213a5a77deb6cbe94d86340e8d9ace2b93bc367790b260101d2f36a2eaf4e4e22d9fa9cf459b38af3a32fb4190e638024cf82ec95ef708680e405ea7cc78
  languageName: node
  linkType: hard

"json-parse-even-better-errors@npm:^2.3.0":
  version: 2.3.1
  resolution: "json-parse-even-better-errors@npm:2.3.1"
  checksum: 798ed4cf3354a2d9ccd78e86d2169515a0097a5c133337807cdf7f1fc32e1391d207ccfc276518cc1d7d8d4db93288b8a50ba4293d212ad1336e52a8ec0a941f
  languageName: node
  linkType: hard

"jszip@npm:^3.7.1":
  version: 3.7.1
  resolution: "jszip@npm:3.7.1"
  dependencies:
    lie: ~3.3.0
    pako: ~1.0.2
    readable-stream: ~2.3.6
    set-immediate-shim: ~1.0.1
  checksum: 67d737a82b294cc102e7451e32d5acbbab29860399be460cae598084327e6f2ea0c9bca2d3dad701da6a75ddf77f34c6a1dd7db0c3d5c0fec5998b7e56d6d59d
  languageName: node
  linkType: hard

"lie@npm:~3.3.0":
  version: 3.3.0
  resolution: "lie@npm:3.3.0"
  dependencies:
    immediate: ~3.0.5
  checksum: 33102302cf19766f97919a6a98d481e01393288b17a6aa1f030a3542031df42736edde8dab29ffdbf90bebeffc48c761eb1d064dc77592ca3ba3556f9fe6d2a8
  languageName: node
  linkType: hard

"lines-and-columns@npm:^1.1.6":
  version: 1.2.4
  resolution: "lines-and-columns@npm:1.2.4"
  checksum: 0c37f9f7fa212b38912b7145e1cd16a5f3cd34d782441c3e6ca653485d326f58b3caccda66efce1c5812bde4961bbde3374fae4b0d11bf1226152337f3894aa5
  languageName: node
  linkType: hard

"locate-path@npm:^7.0.0":
  version: 7.0.0
  resolution: "locate-path@npm:7.0.0"
  dependencies:
    p-locate: ^6.0.0
  checksum: a0de7f882f069c3afe261c77821b91f2fe430cfe9b76c9059e4814e8803dc155dd9dc998e3dfe1a4ff3ca596a423bf9aa5df0b26a9516ed80fdf5cfac82a36f3
  languageName: node
  linkType: hard

"lru-cache@npm:^6.0.0":
  version: 6.0.0
  resolution: "lru-cache@npm:6.0.0"
  dependencies:
    yallist: ^4.0.0
  checksum: f97f499f898f23e4585742138a22f22526254fdba6d75d41a1c2526b3b6cc5747ef59c5612ba7375f42aca4f8461950e925ba08c991ead0651b4918b7c978297
  languageName: node
  linkType: hard

"make-executable@npm:^1.0.1":
  version: 1.0.1
  resolution: "make-executable@npm:1.0.1"
  checksum: cbd7d3e498457cf3b61608c0e2648a1a877f3d0d17707bf287aa2b557d985822deb23cd9ed105ce5bfb7000300b3fddd3cf13d73076f272d84d94fb0ac8ce570
  languageName: node
  linkType: hard

"merge-stream@npm:^2.0.0":
  version: 2.0.0
  resolution: "merge-stream@npm:2.0.0"
  checksum: 6fa4dcc8d86629705cea944a4b88ef4cb0e07656ebf223fa287443256414283dd25d91c1cd84c77987f2aec5927af1a9db6085757cb43d90eb170ebf4b47f4f4
  languageName: node
  linkType: hard

"mimic-fn@npm:^4.0.0":
  version: 4.0.0
  resolution: "mimic-fn@npm:4.0.0"
  checksum: 995dcece15ee29aa16e188de6633d43a3db4611bcf93620e7e62109ec41c79c0f34277165b8ce5e361205049766e371851264c21ac64ca35499acb5421c2ba56
  languageName: node
  linkType: hard

"minimatch@npm:^3.0.4":
  version: 3.0.4
  resolution: "minimatch@npm:3.0.4"
  dependencies:
    brace-expansion: ^1.1.7
  checksum: 66ac295f8a7b59788000ea3749938b0970344c841750abd96694f80269b926ebcafad3deeb3f1da2522978b119e6ae3a5869b63b13a7859a456b3408bd18a078
  languageName: node
  linkType: hard

"mkdirp@npm:^1.0.4":
  version: 1.0.4
  resolution: "mkdirp@npm:1.0.4"
  bin:
    mkdirp: bin/cmd.js
  checksum: a96865108c6c3b1b8e1d5e9f11843de1e077e57737602de1b82030815f311be11f96f09cce59bd5b903d0b29834733e5313f9301e3ed6d6f6fba2eae0df4298f
  languageName: node
  linkType: hard

"node-fetch@npm:^2.6.1":
  version: 2.6.6
  resolution: "node-fetch@npm:2.6.6"
  dependencies:
    whatwg-url: ^5.0.0
  checksum: ee8290626bdb73629c59722b75dcf4b9b6a67c1ed7eb9102e368479c4a13b56a48c2bb3ad71571e378e98c8b2c64c820e11f9cd39e4b8557dd138ad571ef9a42
  languageName: node
  linkType: hard

"normalize-package-data@npm:^3.0.2":
  version: 3.0.3
  resolution: "normalize-package-data@npm:3.0.3"
  dependencies:
    hosted-git-info: ^4.0.1
    is-core-module: ^2.5.0
    semver: ^7.3.4
    validate-npm-package-license: ^3.0.1
  checksum: bbcee00339e7c26fdbc760f9b66d429258e2ceca41a5df41f5df06cc7652de8d82e8679ff188ca095cad8eff2b6118d7d866af2b68400f74602fbcbce39c160a
  languageName: node
  linkType: hard

"npm-run-path@npm:^5.0.1":
  version: 5.0.1
  resolution: "npm-run-path@npm:5.0.1"
  dependencies:
    path-key: ^4.0.0
  checksum: 176daed52660122c1c56be3dbc13b8199b5ad29243fc11836856bb9acf9dc333d9c80b1b734212db5e0bc7f0517df0fb6ae59096f193da8ea9844a590e17de9d
  languageName: node
  linkType: hard

"once@npm:^1.3.0, once@npm:^1.4.0":
  version: 1.4.0
  resolution: "once@npm:1.4.0"
  dependencies:
    wrappy: 1
  checksum: cd0a88501333edd640d95f0d2700fbde6bff20b3d4d9bdc521bdd31af0656b5706570d6c6afe532045a20bb8dc0849f8332d6f2a416e0ba6d3d3b98806c7db68
  languageName: node
  linkType: hard

"onetime@npm:^6.0.0":
  version: 6.0.0
  resolution: "onetime@npm:6.0.0"
  dependencies:
    mimic-fn: ^4.0.0
  checksum: 0846ce78e440841335d4e9182ef69d5762e9f38aa7499b19f42ea1c4cd40f0b4446094c455c713f9adac3f4ae86f613bb5e30c99e52652764d06a89f709b3788
  languageName: node
  linkType: hard

"p-limit@npm:^4.0.0":
  version: 4.0.0
  resolution: "p-limit@npm:4.0.0"
  dependencies:
    yocto-queue: ^1.0.0
  checksum: 01d9d70695187788f984226e16c903475ec6a947ee7b21948d6f597bed788e3112cc7ec2e171c1d37125057a5f45f3da21d8653e04a3a793589e12e9e80e756b
  languageName: node
  linkType: hard

"p-locate@npm:^6.0.0":
  version: 6.0.0
  resolution: "p-locate@npm:6.0.0"
  dependencies:
    p-limit: ^4.0.0
  checksum: 2bfe5234efa5e7a4e74b30a5479a193fdd9236f8f6b4d2f3f69e3d286d9a7d7ab0c118a2a50142efcf4e41625def635bd9332d6cbf9cc65d85eb0718c579ab38
  languageName: node
  linkType: hard

"pako@npm:~1.0.2":
  version: 1.0.11
  resolution: "pako@npm:1.0.11"
  checksum: 1be2bfa1f807608c7538afa15d6f25baa523c30ec870a3228a89579e474a4d992f4293859524e46d5d87fd30fa17c5edf34dbef0671251d9749820b488660b16
  languageName: node
  linkType: hard

"parse-json@npm:^5.2.0":
  version: 5.2.0
  resolution: "parse-json@npm:5.2.0"
  dependencies:
    "@babel/code-frame": ^7.0.0
    error-ex: ^1.3.1
    json-parse-even-better-errors: ^2.3.0
    lines-and-columns: ^1.1.6
  checksum: 62085b17d64da57f40f6afc2ac1f4d95def18c4323577e1eced571db75d9ab59b297d1d10582920f84b15985cbfc6b6d450ccbf317644cfa176f3ed982ad87e2
  languageName: node
  linkType: hard

"path-exists@npm:^5.0.0":
  version: 5.0.0
  resolution: "path-exists@npm:5.0.0"
  checksum: 8ca842868cab09423994596eb2c5ec2a971c17d1a3cb36dbf060592c730c725cd524b9067d7d2a1e031fef9ba7bd2ac6dc5ec9fb92aa693265f7be3987045254
  languageName: node
  linkType: hard

"path-is-absolute@npm:^1.0.0":
  version: 1.0.1
  resolution: "path-is-absolute@npm:1.0.1"
  checksum: 060840f92cf8effa293bcc1bea81281bd7d363731d214cbe5c227df207c34cd727430f70c6037b5159c8a870b9157cba65e775446b0ab06fd5ecc7e54615a3b8
  languageName: node
  linkType: hard

"path-key@npm:^3.1.0":
  version: 3.1.1
  resolution: "path-key@npm:3.1.1"
  checksum: 55cd7a9dd4b343412a8386a743f9c746ef196e57c823d90ca3ab917f90ab9f13dd0ded27252ba49dbdfcab2b091d998bc446f6220cd3cea65db407502a740020
  languageName: node
  linkType: hard

"path-key@npm:^4.0.0":
  version: 4.0.0
  resolution: "path-key@npm:4.0.0"
  checksum: 8e6c314ae6d16b83e93032c61020129f6f4484590a777eed709c4a01b50e498822b00f76ceaf94bc64dbd90b327df56ceadce27da3d83393790f1219e07721d7
  languageName: node
  linkType: hard

"process-nextick-args@npm:~2.0.0":
  version: 2.0.1
  resolution: "process-nextick-args@npm:2.0.1"
  checksum: 1d38588e520dab7cea67cbbe2efdd86a10cc7a074c09657635e34f035277b59fbb57d09d8638346bf7090f8e8ebc070c96fa5fd183b777fff4f5edff5e9466cf
  languageName: node
  linkType: hard

"read-pkg-up@npm:^9.0.0":
  version: 9.0.0
  resolution: "read-pkg-up@npm:9.0.0"
  dependencies:
    find-up: ^6.2.0
    read-pkg: ^7.0.0
    type-fest: ^2.5.0
  checksum: 30626b3fc4e5d87d8d5bd5f91069154991d621bd5ebbc9bf6675fee2953fc801f3f4fc90efca8d6586b9bfe99dfd8357b3dd64d434561f027a56b26f28eeecca
  languageName: node
  linkType: hard

"read-pkg@npm:^7.0.0":
  version: 7.0.0
  resolution: "read-pkg@npm:7.0.0"
  dependencies:
    "@types/normalize-package-data": ^2.4.1
    normalize-package-data: ^3.0.2
    parse-json: ^5.2.0
    type-fest: ^2.0.0
  checksum: 9ec461349fef4970705f33a012d293afb2d239f8a2f56da3df1f1f57cc84444c76aec21abdc5c0eeeebfa9c95cc2951a4839d683ce842b15fa0df4cf4aaea347
  languageName: node
  linkType: hard

"readable-stream@npm:~2.3.6":
  version: 2.3.7
  resolution: "readable-stream@npm:2.3.7"
  dependencies:
    core-util-is: ~1.0.0
    inherits: ~2.0.3
    isarray: ~1.0.0
    process-nextick-args: ~2.0.0
    safe-buffer: ~5.1.1
    string_decoder: ~1.1.1
    util-deprecate: ~1.0.1
  checksum: e4920cf7549a60f8aaf694d483a0e61b2a878b969d224f89b3bc788b8d920075132c4b55a7494ee944c7b6a9a0eada28a7f6220d80b0312ece70bbf08eeca755
  languageName: node
  linkType: hard

"rimraf@npm:^3.0.2":
  version: 3.0.2
  resolution: "rimraf@npm:3.0.2"
  dependencies:
    glob: ^7.1.3
  bin:
    rimraf: bin.js
  checksum: 87f4164e396f0171b0a3386cc1877a817f572148ee13a7e113b238e48e8a9f2f31d009a92ec38a591ff1567d9662c6b67fd8818a2dbbaed74bc26a87a2a4a9a0
  languageName: node
  linkType: hard

"safe-buffer@npm:~5.1.0, safe-buffer@npm:~5.1.1":
  version: 5.1.2
  resolution: "safe-buffer@npm:5.1.2"
  checksum: f2f1f7943ca44a594893a852894055cf619c1fbcb611237fc39e461ae751187e7baf4dc391a72125e0ac4fb2d8c5c0b3c71529622e6a58f46b960211e704903c
  languageName: node
  linkType: hard

"semver@npm:^7.3.4":
  version: 7.3.5
  resolution: "semver@npm:7.3.5"
  dependencies:
    lru-cache: ^6.0.0
  bin:
    semver: bin/semver.js
  checksum: 5eafe6102bea2a7439897c1856362e31cc348ccf96efd455c8b5bc2c61e6f7e7b8250dc26b8828c1d76a56f818a7ee907a36ae9fb37a599d3d24609207001d60
  languageName: node
  linkType: hard

"set-immediate-shim@npm:~1.0.1":
  version: 1.0.1
  resolution: "set-immediate-shim@npm:1.0.1"
  checksum: 5085c84039d1e5eee73d2bf48ce765fcec76159021d0cc7b40e23bcdf62cb6d450ffb781e3c62c1118425242c48eae96df712cba0a20a437e86b0d4a15d51a11
  languageName: node
  linkType: hard

"shebang-command@npm:^2.0.0":
  version: 2.0.0
  resolution: "shebang-command@npm:2.0.0"
  dependencies:
    shebang-regex: ^3.0.0
  checksum: 6b52fe87271c12968f6a054e60f6bde5f0f3d2db483a1e5c3e12d657c488a15474121a1d55cd958f6df026a54374ec38a4a963988c213b7570e1d51575cea7fa
  languageName: node
  linkType: hard

"shebang-regex@npm:^3.0.0":
  version: 3.0.0
  resolution: "shebang-regex@npm:3.0.0"
  checksum: 1a2bcae50de99034fcd92ad4212d8e01eedf52c7ec7830eedcf886622804fe36884278f2be8be0ea5fde3fd1c23911643a4e0f726c8685b61871c8908af01222
  languageName: node
  linkType: hard

"signal-exit@npm:^3.0.5":
  version: 3.0.6
  resolution: "signal-exit@npm:3.0.6"
  checksum: b819ac81ba757af559dad0804233ae31bf6f054591cd8a671e9cbcf09f21c72ec3076fe87d1e04861f5b33b47d63f0694b568de99c99cd733ee2060515beb6d5
  languageName: node
  linkType: hard

"spdx-correct@npm:^3.0.0":
  version: 3.1.1
  resolution: "spdx-correct@npm:3.1.1"
  dependencies:
    spdx-expression-parse: ^3.0.0
    spdx-license-ids: ^3.0.0
  checksum: 77ce438344a34f9930feffa61be0eddcda5b55fc592906ef75621d4b52c07400a97084d8701557b13f7d2aae0cb64f808431f469e566ef3fe0a3a131dcb775a6
  languageName: node
  linkType: hard

"spdx-exceptions@npm:^2.1.0":
  version: 2.3.0
  resolution: "spdx-exceptions@npm:2.3.0"
  checksum: cb69a26fa3b46305637123cd37c85f75610e8c477b6476fa7354eb67c08128d159f1d36715f19be6f9daf4b680337deb8c65acdcae7f2608ba51931540687ac0
  languageName: node
  linkType: hard

"spdx-expression-parse@npm:^3.0.0":
  version: 3.0.1
  resolution: "spdx-expression-parse@npm:3.0.1"
  dependencies:
    spdx-exceptions: ^2.1.0
    spdx-license-ids: ^3.0.0
  checksum: a1c6e104a2cbada7a593eaa9f430bd5e148ef5290d4c0409899855ce8b1c39652bcc88a725259491a82601159d6dc790bedefc9016c7472f7de8de7361f8ccde
  languageName: node
  linkType: hard

"spdx-license-ids@npm:^3.0.0":
  version: 3.0.11
  resolution: "spdx-license-ids@npm:3.0.11"
  checksum: 1da1acb090257773e60b022094050e810ae9fec874dc1461f65dc0400cd42dd830ab2df6e64fb49c2db3dce386dd0362110780e1b154db7c0bb413488836aaeb
  languageName: node
  linkType: hard

"string_decoder@npm:~1.1.1":
  version: 1.1.1
  resolution: "string_decoder@npm:1.1.1"
  dependencies:
    safe-buffer: ~5.1.0
  checksum: 9ab7e56f9d60a28f2be697419917c50cac19f3e8e6c28ef26ed5f4852289fe0de5d6997d29becf59028556f2c62983790c1d9ba1e2a3cc401768ca12d5183a5b
  languageName: node
  linkType: hard

"strip-final-newline@npm:^3.0.0":
  version: 3.0.0
  resolution: "strip-final-newline@npm:3.0.0"
  checksum: 23ee263adfa2070cd0f23d1ac14e2ed2f000c9b44229aec9c799f1367ec001478469560abefd00c5c99ee6f0b31c137d53ec6029c53e9f32a93804e18c201050
  languageName: node
  linkType: hard

"supports-color@npm:^5.3.0":
  version: 5.5.0
  resolution: "supports-color@npm:5.5.0"
  dependencies:
    has-flag: ^3.0.0
  checksum: 95f6f4ba5afdf92f495b5a912d4abee8dcba766ae719b975c56c084f5004845f6f5a5f7769f52d53f40e21952a6d87411bafe34af4a01e65f9926002e38e1dac
  languageName: node
  linkType: hard

"tr46@npm:~0.0.3":
  version: 0.0.3
  resolution: "tr46@npm:0.0.3"
  checksum: 726321c5eaf41b5002e17ffbd1fb7245999a073e8979085dacd47c4b4e8068ff5777142fc6726d6ca1fd2ff16921b48788b87225cbc57c72636f6efa8efbffe3
  languageName: node
  linkType: hard

"type-fest@npm:^2.0.0, type-fest@npm:^2.5.0":
  version: 2.8.0
  resolution: "type-fest@npm:2.8.0"
  checksum: 9f5afbe9d2ec8daeae4b9002ea320eac78487bef71f3d6937810ac6066cdaeaeec2dd1c4bb785edd12fd8b73412ab6beced2d81c5edd113e6c6bcb76bbe1c5bf
  languageName: node
  linkType: hard

"universal-user-agent@npm:^6.0.0":
  version: 6.0.0
  resolution: "universal-user-agent@npm:6.0.0"
  checksum: 5092bbc80dd0d583cef0b62c17df0043193b74f425112ea6c1f69bc5eda21eeec7a08d8c4f793a277eb2202ffe9b44bec852fa3faff971234cd209874d1b79ef
  languageName: node
  linkType: hard

"util-deprecate@npm:~1.0.1":
  version: 1.0.2
  resolution: "util-deprecate@npm:1.0.2"
  checksum: 474acf1146cb2701fe3b074892217553dfcf9a031280919ba1b8d651a068c9b15d863b7303cb15bd00a862b498e6cf4ad7b4a08fb134edd5a6f7641681cb54a2
  languageName: node
  linkType: hard

"validate-npm-package-license@npm:^3.0.1":
  version: 3.0.4
  resolution: "validate-npm-package-license@npm:3.0.4"
  dependencies:
    spdx-correct: ^3.0.0
    spdx-expression-parse: ^3.0.0
  checksum: 35703ac889d419cf2aceef63daeadbe4e77227c39ab6287eeb6c1b36a746b364f50ba22e88591f5d017bc54685d8137bc2d328d0a896e4d3fd22093c0f32a9ad
  languageName: node
  linkType: hard

"webidl-conversions@npm:^3.0.0":
  version: 3.0.1
  resolution: "webidl-conversions@npm:3.0.1"
  checksum: c92a0a6ab95314bde9c32e1d0a6dfac83b578f8fa5f21e675bc2706ed6981bc26b7eb7e6a1fab158e5ce4adf9caa4a0aee49a52505d4d13c7be545f15021b17c
  languageName: node
  linkType: hard

"whatwg-url@npm:^5.0.0":
  version: 5.0.0
  resolution: "whatwg-url@npm:5.0.0"
  dependencies:
    tr46: ~0.0.3
    webidl-conversions: ^3.0.0
  checksum: b8daed4ad3356cc4899048a15b2c143a9aed0dfae1f611ebd55073310c7b910f522ad75d727346ad64203d7e6c79ef25eafd465f4d12775ca44b90fa82ed9e2c
  languageName: node
  linkType: hard

"which@npm:^2.0.1":
  version: 2.0.2
  resolution: "which@npm:2.0.2"
  dependencies:
    isexe: ^2.0.0
  bin:
    node-which: ./bin/node-which
  checksum: 1a5c563d3c1b52d5f893c8b61afe11abc3bab4afac492e8da5bde69d550de701cf9806235f20a47b5c8fa8a1d6a9135841de2596535e998027a54589000e66d1
  languageName: node
  linkType: hard

"wrappy@npm:1":
  version: 1.0.2
  resolution: "wrappy@npm:1.0.2"
  checksum: 159da4805f7e84a3d003d8841557196034155008f817172d4e986bd591f74aa82aa7db55929a54222309e01079a65a92a9e6414da5a6aa4b01ee44a511ac3ee5
  languageName: node
  linkType: hard

"yallist@npm:^4.0.0":
  version: 4.0.0
  resolution: "yallist@npm:4.0.0"
  checksum: 343617202af32df2a15a3be36a5a8c0c8545208f3d3dfbc6bb7c3e3b7e8c6f8e7485432e4f3b88da3031a6e20afa7c711eded32ddfb122896ac5d914e75848d5
  languageName: node
  linkType: hard

"yocto-queue@npm:^1.0.0":
  version: 1.0.0
  resolution: "yocto-queue@npm:1.0.0"
  checksum: 2cac84540f65c64ccc1683c267edce396b26b1e931aa429660aefac8fbe0188167b7aee815a3c22fa59a28a58d898d1a2b1825048f834d8d629f4c2a5d443801
  languageName: node
  linkType: hard
